{
  "name": "miniprogram",
  "version": "1.0.0",
  "lockfileVersion": 1,
  "requires": true,
  "dependencies": {
    "jsbn": {
      "version": "1.1.0",
      "resolved": "https://registry.npm.taobao.org/jsbn/download/jsbn-1.1.0.tgz",
      "integrity": "sha1-sBMHyym2GKHtJux56RH4A8TaAEA="
    },
    "miniprogram-sm-crypto": {
      "version": "0.1.0",
      "resolved": "https://registry.npm.taobao.org/miniprogram-sm-crypto/download/miniprogram-sm-crypto-0.1.0.tgz",
      "integrity": "sha1-WtB7oz9tY5WjCTU5TQqdUtZUlqc=",
      "requires": {
        "jsbn": "^1.1.0"
      }
    }
  }
}
